
Microsoft Visual Studio Solution File, Format Version 12.00
# Visual Studio Version 17
VisualStudioVersion = 17.4.33205.214
MinimumVisualStudioVersion = 10.0.40219.1
Project("{8BC9CEB8-8B4A-11D0-8D11-00A0C91BC942}") = "Application2022", "Application\Application2022.vcxproj", "{57F807D9-4FDE-416A-BA45-B42E92685E0F}"
EndProject
Project("{8BC9CEB8-8B4A-11D0-8D11-00A0C91BC942}") = "Math2022", "Math\Math2022.vcxproj", "{4479DBBD-2307-44AA-8623-636601B29324}"
EndProject
Project("{8BC9CEB8-8B4A-11D0-8D11-00A0C91BC942}") = "Pipeline2022", "Pipeline\Pipeline2022.vcxproj", "{0B9A186D-6798-4341-A2A5-021C7DB37E5C}"
EndProject
Global
	GlobalSection(SolutionConfigurationPlatforms) = preSolution
		Debug|x64 = Debug|x64
		Debug|x86 = Debug|x86
		Release|x64 = Release|x64
		Release|x86 = Release|x86
	EndGlobalSection
	GlobalSection(ProjectConfigurationPlatforms) = postSolution
		{57F807D9-4FDE-416A-BA45-B42E92685E0F}.Debug|x64.ActiveCfg = Debug|x64
		{57F807D9-4FDE-416A-BA45-B42E92685E0F}.Debug|x64.Build.0 = Debug|x64
		{57F807D9-4FDE-416A-BA45-B42E92685E0F}.Debug|x86.ActiveCfg = Debug|x64
		{57F807D9-4FDE-416A-BA45-B42E92685E0F}.Debug|x86.Build.0 = Debug|x64
		{57F807D9-4FDE-416A-BA45-B42E92685E0F}.Release|x64.ActiveCfg = Release|x64
		{57F807D9-4FDE-416A-BA45-B42E92685E0F}.Release|x64.Build.0 = Release|x64
		{57F807D9-4FDE-416A-BA45-B42E92685E0F}.Release|x86.ActiveCfg = Release|x64
		{57F807D9-4FDE-416A-BA45-B42E92685E0F}.Release|x86.Build.0 = Release|x64
		{4479DBBD-2307-44AA-8623-636601B29324}.Debug|x64.ActiveCfg = Debug|x64
		{4479DBBD-2307-44AA-8623-636601B29324}.Debug|x64.Build.0 = Debug|x64
		{4479DBBD-2307-44AA-8623-636601B29324}.Debug|x86.ActiveCfg = Debug|Win32
		{4479DBBD-2307-44AA-8623-636601B29324}.Debug|x86.Build.0 = Debug|Win32
		{4479DBBD-2307-44AA-8623-636601B29324}.Release|x64.ActiveCfg = Release|x64
		{4479DBBD-2307-44AA-8623-636601B29324}.Release|x64.Build.0 = Release|x64
		{4479DBBD-2307-44AA-8623-636601B29324}.Release|x86.ActiveCfg = Release|Win32
		{4479DBBD-2307-44AA-8623-636601B29324}.Release|x86.Build.0 = Release|Win32
		{0B9A186D-6798-4341-A2A5-021C7DB37E5C}.Debug|x64.ActiveCfg = Debug|x64
		{0B9A186D-6798-4341-A2A5-021C7DB37E5C}.Debug|x64.Build.0 = Debug|x64
		{0B9A186D-6798-4341-A2A5-021C7DB37E5C}.Debug|x86.ActiveCfg = Debug|Win32
		{0B9A186D-6798-4341-A2A5-021C7DB37E5C}.Debug|x86.Build.0 = Debug|Win32
		{0B9A186D-6798-4341-A2A5-021C7DB37E5C}.Release|x64.ActiveCfg = Release|x64
		{0B9A186D-6798-4341-A2A5-021C7DB37E5C}.Release|x64.Build.0 = Release|x64
		{0B9A186D-6798-4341-A2A5-021C7DB37E5C}.Release|x86.ActiveCfg = Release|Win32
		{0B9A186D-6798-4341-A2A5-021C7DB37E5C}.Release|x86.Build.0 = Release|Win32
	EndGlobalSection
	GlobalSection(SolutionProperties) = preSolution
		HideSolutionNode = FALSE
	EndGlobalSection
	GlobalSection(ExtensibilityGlobals) = postSolution
		SolutionGuid = {3457F578-C807-46F4-A6B9-51488121E593}
	EndGlobalSection
EndGlobal
